# THIS IS AN AUTOGENERATED FILE. DO NOT EDIT THIS FILE DIRECTLY.
# yarn lockfile v1


"@actions/core@^1.6.0":
  version "1.8.1"
  resolved "https://registry.yarnpkg.com/@actions/core/-/core-1.8.1.tgz#3cdde366654b98764e63633a08dba6703131e274"
  integrity sha512-LuFg2O/+rRrYxrdafnqH9mx6ADszKzQAhDuEhhMQIh47tsXzWkW4wXY5zvscqJ4KDywyJX0LA0pAESPLUjZXvw==
  dependencies:
    "@actions/http-client" "^2.0.0"

"@actions/exec@^1.1.0":
  version "1.1.0"
  resolved "https://registry.yarnpkg.com/@actions/exec/-/exec-1.1.0.tgz#53441d968e56d2fec69ad3f15773d4d94e01162c"
  integrity sha512-LImpN9AY0J1R1mEYJjVJfSZWU4zYOlEcwSTgPve1rFQqK5AwrEs6uWW5Rv70gbDIQIAUwI86z6B+9mPK4w9Sbg==
  dependencies:
    "@actions/io" "^1.0.1"

"@actions/http-client@^2.0.0":
  version "2.0.0"
  resolved "https://registry.yarnpkg.com/@actions/http-client/-/http-client-2.0.0.tgz#518c4af1e7045769d3e2ad8c2ce7f8b05224a9b3"
  integrity sha512-fm1+OPPey5ypgStT9K8zbBhICj4J4UV/TJIHDhuWlkb8KyJaAtjcZK184dTqul0dV0nPKX97FNtDXX20BTLXSA==

"@actions/io@^1.0.1":
  version "1.1.1"
  resolved "https://registry.yarnpkg.com/@actions/io/-/io-1.1.1.tgz#4a157406309e212ab27ed3ae30e8c1d641686a66"
  integrity sha512-Qi4JoKXjmE0O67wAOH6y0n26QXhMKMFo7GD/4IXNVcrtLjUlGjGuVys6pQgwF3ArfGTQu0XpqaNr0YhED2RaRA==

"@vercel/ncc@vercel/ncc":
  version "0.28.6"
  resolved "https://codeload.github.com/vercel/ncc/tar.gz/a52954304ecd043cadd2a3c9d715a45aa7718c43"
